
Microsoft Visual Studio Solution File, Format Version 12.00
# Visual Studio Version 16
VisualStudioVersion = 16.0.31205.134
MinimumVisualStudioVersion = 10.0.40219.1
Project("{FAE04EC0-301F-11D3-BF4B-00C04F79EFBC}") = "Chuong2", "Chuong2\Chuong2.csproj", "{A206AE95-9182-4832-AD8C-89BE79DCDA54}"
EndProject
Global
	GlobalSection(SolutionConfigurationPlatforms) = preSolution
		Debug|Any CPU = Debug|Any CPU
		Release|Any CPU = Release|Any CPU
	EndGlobalSection
	GlobalSection(ProjectConfigurationPlatforms) = postSolution
		{A206AE95-9182-4832-AD8C-89BE79DCDA54}.Debug|Any CPU.ActiveCfg = Debug|Any CPU
		{A206AE95-9182-4832-AD8C-89BE79DCDA54}.Debug|Any CPU.Build.0 = Debug|Any CPU
		{A206AE95-9182-4832-AD8C-89BE79DCDA54}.Release|Any CPU.ActiveCfg = Release|Any CPU
		{A206AE95-9182-4832-AD8C-89BE79DCDA54}.Release|Any CPU.Build.0 = Release|Any CPU
	EndGlobalSection
	GlobalSection(SolutionProperties) = preSolution
		HideSolutionNode = FALSE
	EndGlobalSection
	GlobalSection(ExtensibilityGlobals) = postSolution
		SolutionGuid = {07C4D5EC-6B42-43F9-BDBD-A98ED6A976B9}
	EndGlobalSection
EndGlobal
